
Microsoft Visual Studio Solution File, Format Version 12.00
Project("{FAE04EC0-301F-11D3-BF4B-00C04F79EFBC}") = "Vigenere Cipher", "Vigenere Cipher\Vigenere Cipher.csproj", "{5D90D988-E39D-4F2C-844F-51A15277401A}"
EndProject
Global
	GlobalSection(SolutionConfigurationPlatforms) = preSolution
		Debug|Any CPU = Debug|Any CPU
		Release|Any CPU = Release|Any CPU
	EndGlobalSection
	GlobalSection(ProjectConfigurationPlatforms) = postSolution
		{5D90D988-E39D-4F2C-844F-51A15277401A}.Debug|Any CPU.ActiveCfg = Debug|Any CPU
		{5D90D988-E39D-4F2C-844F-51A15277401A}.Debug|Any CPU.Build.0 = Debug|Any CPU
		{5D90D988-E39D-4F2C-844F-51A15277401A}.Release|Any CPU.ActiveCfg = Release|Any CPU
		{5D90D988-E39D-4F2C-844F-51A15277401A}.Release|Any CPU.Build.0 = Release|Any CPU
	EndGlobalSection
EndGlobal
